
Microsoft Visual Studio Solution File, Format Version 12.00
# Visual Studio Version 17
VisualStudioVersion = 17.13.35806.99 d17.13
MinimumVisualStudioVersion = 10.0.40219.1
Project("{FAE04EC0-301F-11D3-BF4B-00C04F79EFBC}") = "linq_practice", "linq_practice\linq_practice.csproj", "{D856C793-6843-4EA3-B0BA-87AE5893294D}"
EndProject
Global
	GlobalSection(SolutionConfigurationPlatforms) = preSolution
		Debug|Any CPU = Debug|Any CPU
		Release|Any CPU = Release|Any CPU
	EndGlobalSection
	GlobalSection(ProjectConfigurationPlatforms) = postSolution
		{D856C793-6843-4EA3-B0BA-87AE5893294D}.Debug|Any CPU.ActiveCfg = Debug|Any CPU
		{D856C793-6843-4EA3-B0BA-87AE5893294D}.Debug|Any CPU.Build.0 = Debug|Any CPU
		{D856C793-6843-4EA3-B0BA-87AE5893294D}.Release|Any CPU.ActiveCfg = Release|Any CPU
		{D856C793-6843-4EA3-B0BA-87AE5893294D}.Release|Any CPU.Build.0 = Release|Any CPU
	EndGlobalSection
	GlobalSection(SolutionProperties) = preSolution
		HideSolutionNode = FALSE
	EndGlobalSection
	GlobalSection(ExtensibilityGlobals) = postSolution
		SolutionGuid = {F937BC93-F4B9-410B-907A-9DD92E69B362}
	EndGlobalSection
EndGlobal
